// !$*UTF8*$!
{
	archiveVersion = 1;
	classes = {
	};
	objectVersion = 56;
	objects = {

/* Begin PBXBuildFile section */
		15E9CA532C1921B10001B45C /* RMService.swift in Sources */ = {isa = PBXBuildFile; fileRef = 15E9CA522C1921B10001B45C /* RMService.swift */; };
		15E9CA552C1921CF0001B45C /* RMRequest.swift in Sources */ = {isa = PBXBuildFile; fileRef = 15E9CA542C1921CF0001B45C /* RMRequest.swift */; };
		15E9CA572C19224B0001B45C /* RMEndpoint.swift in Sources */ = {isa = PBXBuildFile; fileRef = 15E9CA562C19224B0001B45C /* RMEndpoint.swift */; };
		15E9CA592C19293C0001B45C /* RMOrigin.swift in Sources */ = {isa = PBXBuildFile; fileRef = 15E9CA582C19293C0001B45C /* RMOrigin.swift */; };
		15E9CA5B2C1929BD0001B45C /* RMSingleLocation.swift in Sources */ = {isa = PBXBuildFile; fileRef = 15E9CA5A2C1929BD0001B45C /* RMSingleLocation.swift */; };
		15E9CA5D2C192A780001B45C /* RMCharacterStatus.swift in Sources */ = {isa = PBXBuildFile; fileRef = 15E9CA5C2C192A780001B45C /* RMCharacterStatus.swift */; };
		15E9CA5F2C192A9D0001B45C /* RMCharacterGender.swift in Sources */ = {isa = PBXBuildFile; fileRef = 15E9CA5E2C192A9D0001B45C /* RMCharacterGender.swift */; };
		15F6BACA2C12085D00DE17EA /* AppDelegate.swift in Sources */ = {isa = PBXBuildFile; fileRef = 15F6BAC92C12085D00DE17EA /* AppDelegate.swift */; };
		15F6BACC2C12085D00DE17EA /* SceneDelegate.swift in Sources */ = {isa = PBXBuildFile; fileRef = 15F6BACB2C12085D00DE17EA /* SceneDelegate.swift */; };
		15F6BACE2C12085D00DE17EA /* RMTabBarController.swift in Sources */ = {isa = PBXBuildFile; fileRef = 15F6BACD2C12085D00DE17EA /* RMTabBarController.swift */; };
		15F6BAD32C12085E00DE17EA /* Assets.xcassets in Resources */ = {isa = PBXBuildFile; fileRef = 15F6BAD22C12085E00DE17EA /* Assets.xcassets */; };
		15F6BAD62C12085E00DE17EA /* Base in Resources */ = {isa = PBXBuildFile; fileRef = 15F6BAD52C12085E00DE17EA /* Base */; };
		15F6BAE52C120C1500DE17EA /* RMLocation.swift in Sources */ = {isa = PBXBuildFile; fileRef = 15F6BAE42C120C1500DE17EA /* RMLocation.swift */; };
		15F6BAE72C120C1D00DE17EA /* RMCharacter.swift in Sources */ = {isa = PBXBuildFile; fileRef = 15F6BAE62C120C1D00DE17EA /* RMCharacter.swift */; };
		15F6BAE92C120C2700DE17EA /* RMEpisode.swift in Sources */ = {isa = PBXBuildFile; fileRef = 15F6BAE82C120C2700DE17EA /* RMEpisode.swift */; };
		15F6BAED2C120CB300DE17EA /* RMCharacterViewController.swift in Sources */ = {isa = PBXBuildFile; fileRef = 15F6BAEC2C120CB300DE17EA /* RMCharacterViewController.swift */; };
		15F6BAEF2C120F9000DE17EA /* RMLocationViewController.swift in Sources */ = {isa = PBXBuildFile; fileRef = 15F6BAEE2C120F9000DE17EA /* RMLocationViewController.swift */; };
		15F6BAF12C120F9B00DE17EA /* RMEpisodeViewController.swift in Sources */ = {isa = PBXBuildFile; fileRef = 15F6BAF02C120F9B00DE17EA /* RMEpisodeViewController.swift */; };
		15F6BAF32C120FB000DE17EA /* RMSettingsViewController.swift in Sources */ = {isa = PBXBuildFile; fileRef = 15F6BAF22C120FB000DE17EA /* RMSettingsViewController.swift */; };
/* End PBXBuildFile section */

/* Begin PBXFileReference section */
		15E9CA522C1921B10001B45C /* RMService.swift */ = {isa = PBXFileReference; lastKnownFileType = sourcecode.swift; path = RMService.swift; sourceTree = "<group>"; };
		15E9CA542C1921CF0001B45C /* RMRequest.swift */ = {isa = PBXFileReference; lastKnownFileType = sourcecode.swift; path = RMRequest.swift; sourceTree = "<group>"; };
		15E9CA562C19224B0001B45C /* RMEndpoint.swift */ = {isa = PBXFileReference; lastKnownFileType = sourcecode.swift; path = RMEndpoint.swift; sourceTree = "<group>"; };
		15E9CA582C19293C0001B45C /* RMOrigin.swift */ = {isa = PBXFileReference; lastKnownFileType = sourcecode.swift; path = RMOrigin.swift; sourceTree = "<group>"; };
		15E9CA5A2C1929BD0001B45C /* RMSingleLocation.swift */ = {isa = PBXFileReference; lastKnownFileType = sourcecode.swift; path = RMSingleLocation.swift; sourceTree = "<group>"; };
		15E9CA5C2C192A780001B45C /* RMCharacterStatus.swift */ = {isa = PBXFileReference; lastKnownFileType = sourcecode.swift; path = RMCharacterStatus.swift; sourceTree = "<group>"; };
		15E9CA5E2C192A9D0001B45C /* RMCharacterGender.swift */ = {isa = PBXFileReference; lastKnownFileType = sourcecode.swift; path = RMCharacterGender.swift; sourceTree = "<group>"; };
		15F6BAC62C12085D00DE17EA /* Demo-03-RickAndMorty.app */ = {isa = PBXFileReference; explicitFileType = wrapper.application; includeInIndex = 0; path = "Demo-03-RickAndMorty.app"; sourceTree = BUILT_PRODUCTS_DIR; };
		15F6BAC92C12085D00DE17EA /* AppDelegate.swift */ = {isa = PBXFileReference; lastKnownFileType = sourcecode.swift; path = AppDelegate.swift; sourceTree = "<group>"; };
		15F6BACB2C12085D00DE17EA /* SceneDelegate.swift */ = {isa = PBXFileReference; lastKnownFileType = sourcecode.swift; path = SceneDelegate.swift; sourceTree = "<group>"; };
		15F6BACD2C12085D00DE17EA /* RMTabBarController.swift */ = {isa = PBXFileReference; lastKnownFileType = sourcecode.swift; path = RMTabBarController.swift; sourceTree = "<group>"; };
		15F6BAD22C12085E00DE17EA /* Assets.xcassets */ = {isa = PBXFileReference; lastKnownFileType = folder.assetcatalog; path = Assets.xcassets; sourceTree = "<group>"; };
		15F6BAD52C12085E00DE17EA /* Base */ = {isa = PBXFileReference; lastKnownFileType = file.storyboard; name = Base; path = Base.lproj/LaunchScreen.storyboard; sourceTree = "<group>"; };
		15F6BAD72C12085E00DE17EA /* Info.plist */ = {isa = PBXFileReference; lastKnownFileType = text.plist.xml; path = Info.plist; sourceTree = "<group>"; };
		15F6BAE42C120C1500DE17EA /* RMLocation.swift */ = {isa = PBXFileReference; lastKnownFileType = sourcecode.swift; path = RMLocation.swift; sourceTree = "<group>"; };
		15F6BAE62C120C1D00DE17EA /* RMCharacter.swift */ = {isa = PBXFileReference; lastKnownFileType = sourcecode.swift; path = RMCharacter.swift; sourceTree = "<group>"; };
		15F6BAE82C120C2700DE17EA /* RMEpisode.swift */ = {isa = PBXFileReference; lastKnownFileType = sourcecode.swift; path = RMEpisode.swift; sourceTree = "<group>"; };
		15F6BAEC2C120CB300DE17EA /* RMCharacterViewController.swift */ = {isa = PBXFileReference; lastKnownFileType = sourcecode.swift; path = RMCharacterViewController.swift; sourceTree = "<group>"; };
		15F6BAEE2C120F9000DE17EA /* RMLocationViewController.swift */ = {isa = PBXFileReference; lastKnownFileType = sourcecode.swift; path = RMLocationViewController.swift; sourceTree = "<group>"; };
		15F6BAF02C120F9B00DE17EA /* RMEpisodeViewController.swift */ = {isa = PBXFileReference; lastKnownFileType = sourcecode.swift; path = RMEpisodeViewController.swift; sourceTree = "<group>"; };
		15F6BAF22C120FB000DE17EA /* RMSettingsViewController.swift */ = {isa = PBXFileReference; lastKnownFileType = sourcecode.swift; path = RMSettingsViewController.swift; sourceTree = "<group>"; };
/* End PBXFileReference section */

/* Begin PBXFrameworksBuildPhase section */
		15F6BAC32C12085D00DE17EA /* Frameworks */ = {
			isa = PBXFrameworksBuildPhase;
			buildActionMask = 2147483647;
			files = (
			);
			runOnlyForDeploymentPostprocessing = 0;
		};
/* End PBXFrameworksBuildPhase section */

/* Begin PBXGroup section */
		15F6BABD2C12085D00DE17EA = {
			isa = PBXGroup;
			children = (
				15F6BAC82C12085D00DE17EA /* Demo-03-RickAndMorty */,
				15F6BAC72C12085D00DE17EA /* Products */,
			);
			sourceTree = "<group>";
		};
		15F6BAC72C12085D00DE17EA /* Products */ = {
			isa = PBXGroup;
			children = (
				15F6BAC62C12085D00DE17EA /* Demo-03-RickAndMorty.app */,
			);
			name = Products;
			sourceTree = "<group>";
		};
		15F6BAC82C12085D00DE17EA /* Demo-03-RickAndMorty */ = {
			isa = PBXGroup;
			children = (
				15F6BAE32C120B1C00DE17EA /* Resources */,
				15F6BAE22C120ABE00DE17EA /* APIClient */,
				15F6BAE12C120AB300DE17EA /* Managers */,
				15F6BAE02C120AAB00DE17EA /* ViewModels */,
				15F6BADF2C120AA400DE17EA /* Views */,
				15F6BADE2C120AA100DE17EA /* Models */,
				15F6BADD2C120A9A00DE17EA /* Controllers */,
				15F6BAD72C12085E00DE17EA /* Info.plist */,
			);
			path = "Demo-03-RickAndMorty";
			sourceTree = "<group>";
		};
		15F6BADD2C120A9A00DE17EA /* Controllers */ = {
			isa = PBXGroup;
			children = (
				15F6BAEA2C120C7700DE17EA /* Core */,
			);
			path = Controllers;
			sourceTree = "<group>";
		};
		15F6BADE2C120AA100DE17EA /* Models */ = {
			isa = PBXGroup;
			children = (
				15F6BAE42C120C1500DE17EA /* RMLocation.swift */,
				15F6BAE62C120C1D00DE17EA /* RMCharacter.swift */,
				15F6BAE82C120C2700DE17EA /* RMEpisode.swift */,
				15E9CA582C19293C0001B45C /* RMOrigin.swift */,
				15E9CA5A2C1929BD0001B45C /* RMSingleLocation.swift */,
				15E9CA5C2C192A780001B45C /* RMCharacterStatus.swift */,
				15E9CA5E2C192A9D0001B45C /* RMCharacterGender.swift */,
			);
			path = Models;
			sourceTree = "<group>";
		};
		15F6BADF2C120AA400DE17EA /* Views */ = {
			isa = PBXGroup;
			children = (
			);
			path = Views;
			sourceTree = "<group>";
		};
		15F6BAE02C120AAB00DE17EA /* ViewModels */ = {
			isa = PBXGroup;
			children = (
			);
			path = ViewModels;
			sourceTree = "<group>";
		};
		15F6BAE12C120AB300DE17EA /* Managers */ = {
			isa = PBXGroup;
			children = (
			);
			path = Managers;
			sourceTree = "<group>";
		};
		15F6BAE22C120ABE00DE17EA /* APIClient */ = {
			isa = PBXGroup;
			children = (
				15E9CA522C1921B10001B45C /* RMService.swift */,
				15E9CA542C1921CF0001B45C /* RMRequest.swift */,
				15E9CA562C19224B0001B45C /* RMEndpoint.swift */,
			);
			path = APIClient;
			sourceTree = "<group>";
		};
		15F6BAE32C120B1C00DE17EA /* Resources */ = {
			isa = PBXGroup;
			children = (
				15F6BAD22C12085E00DE17EA /* Assets.xcassets */,
				15F6BAC92C12085D00DE17EA /* AppDelegate.swift */,
				15F6BACB2C12085D00DE17EA /* SceneDelegate.swift */,
				15F6BAD42C12085E00DE17EA /* LaunchScreen.storyboard */,
			);
			path = Resources;
			sourceTree = "<group>";
		};
		15F6BAEA2C120C7700DE17EA /* Core */ = {
			isa = PBXGroup;
			children = (
				15F6BACD2C12085D00DE17EA /* RMTabBarController.swift */,
				15F6BAEC2C120CB300DE17EA /* RMCharacterViewController.swift */,
				15F6BAEE2C120F9000DE17EA /* RMLocationViewController.swift */,
				15F6BAF02C120F9B00DE17EA /* RMEpisodeViewController.swift */,
				15F6BAF22C120FB000DE17EA /* RMSettingsViewController.swift */,
			);
			path = Core;
			sourceTree = "<group>";
		};
/* End PBXGroup section */

/* Begin PBXNativeTarget section */
		15F6BAC52C12085D00DE17EA /* Demo-03-RickAndMorty */ = {
			isa = PBXNativeTarget;
			buildConfigurationList = 15F6BADA2C12085E00DE17EA /* Build configuration list for PBXNativeTarget "Demo-03-RickAndMorty" */;
			buildPhases = (
				15F6BAC22C12085D00DE17EA /* Sources */,
				15F6BAC32C12085D00DE17EA /* Frameworks */,
				15F6BAC42C12085D00DE17EA /* Resources */,
			);
			buildRules = (
			);
			dependencies = (
			);
			name = "Demo-03-RickAndMorty";
			productName = "Demo-03-RickAndMorty";
			productReference = 15F6BAC62C12085D00DE17EA /* Demo-03-RickAndMorty.app */;
			productType = "com.apple.product-type.application";
		};
/* End PBXNativeTarget section */

/* Begin PBXProject section */
		15F6BABE2C12085D00DE17EA /* Project object */ = {
			isa = PBXProject;
			attributes = {
				BuildIndependentTargetsInParallel = 1;
				LastSwiftUpdateCheck = 1540;
				LastUpgradeCheck = 1540;
				TargetAttributes = {
					15F6BAC52C12085D00DE17EA = {
						CreatedOnToolsVersion = 15.4;
					};
				};
			};
			buildConfigurationList = 15F6BAC12C12085D00DE17EA /* Build configuration list for PBXProject "Demo-03-RickAndMorty" */;
			compatibilityVersion = "Xcode 14.0";
			developmentRegion = en;
			hasScannedForEncodings = 0;
			knownRegions = (
				en,
				Base,
			);
			mainGroup = 15F6BABD2C12085D00DE17EA;
			productRefGroup = 15F6BAC72C12085D00DE17EA /* Products */;
			projectDirPath = "";
			projectRoot = "";
			targets = (
				15F6BAC52C12085D00DE17EA /* Demo-03-RickAndMorty */,
			);
		};
/* End PBXProject section */

/* Begin PBXResourcesBuildPhase section */
		15F6BAC42C12085D00DE17EA /* Resources */ = {
			isa = PBXResourcesBuildPhase;
			buildActionMask = 2147483647;
			files = (
				15F6BAD32C12085E00DE17EA /* Assets.xcassets in Resources */,
				15F6BAD62C12085E00DE17EA /* Base in Resources */,
			);
			runOnlyForDeploymentPostprocessing = 0;
		};
/* End PBXResourcesBuildPhase section */

/* Begin PBXSourcesBuildPhase section */
		15F6BAC22C12085D00DE17EA /* Sources */ = {
			isa = PBXSourcesBuildPhase;
			buildActionMask = 2147483647;
			files = (
				15E9CA592C19293C0001B45C /* RMOrigin.swift in Sources */,
				15E9CA5B2C1929BD0001B45C /* RMSingleLocation.swift in Sources */,
				15E9CA5D2C192A780001B45C /* RMCharacterStatus.swift in Sources */,
				15E9CA5F2C192A9D0001B45C /* RMCharacterGender.swift in Sources */,
				15F6BAEF2C120F9000DE17EA /* RMLocationViewController.swift in Sources */,
				15F6BAE92C120C2700DE17EA /* RMEpisode.swift in Sources */,
				15F6BACE2C12085D00DE17EA /* RMTabBarController.swift in Sources */,
				15F6BAF12C120F9B00DE17EA /* RMEpisodeViewController.swift in Sources */,
				15F6BACA2C12085D00DE17EA /* AppDelegate.swift in Sources */,
				15F6BACC2C12085D00DE17EA /* SceneDelegate.swift in Sources */,
				15F6BAF32C120FB000DE17EA /* RMSettingsViewController.swift in Sources */,
				15E9CA532C1921B10001B45C /* RMService.swift in Sources */,
				15F6BAE52C120C1500DE17EA /* RMLocation.swift in Sources */,
				15E9CA572C19224B0001B45C /* RMEndpoint.swift in Sources */,
				15F6BAE72C120C1D00DE17EA /* RMCharacter.swift in Sources */,
				15E9CA552C1921CF0001B45C /* RMRequest.swift in Sources */,
				15F6BAED2C120CB300DE17EA /* RMCharacterViewController.swift in Sources */,
			);
			runOnlyForDeploymentPostprocessing = 0;
		};
/* End PBXSourcesBuildPhase section */

/* Begin PBXVariantGroup section */
		15F6BAD42C12085E00DE17EA /* LaunchScreen.storyboard */ = {
			isa = PBXVariantGroup;
			children = (
				15F6BAD52C12085E00DE17EA /* Base */,
			);
			name = LaunchScreen.storyboard;
			sourceTree = "<group>";
		};
/* End PBXVariantGroup section */

/* Begin XCBuildConfiguration section */
		15F6BAD82C12085E00DE17EA /* Debug */ = {
			isa = XCBuildConfiguration;
			buildSettings = {
				ALWAYS_SEARCH_USER_PATHS = NO;
				ASSETCATALOG_COMPILER_GENERATE_SWIFT_ASSET_SYMBOL_EXTENSIONS = YES;
				CLANG_ANALYZER_NONNULL = YES;
				CLANG_ANALYZER_NUMBER_OBJECT_CONVERSION = YES_AGGRESSIVE;
				CLANG_CXX_LANGUAGE_STANDARD = "gnu++20";
				CLANG_ENABLE_MODULES = YES;
				CLANG_ENABLE_OBJC_ARC = YES;
				CLANG_ENABLE_OBJC_WEAK = YES;
				CLANG_WARN_BLOCK_CAPTURE_AUTORELEASING = YES;
				CLANG_WARN_BOOL_CONVERSION = YES;
				CLANG_WARN_COMMA = YES;
				CLANG_WARN_CONSTANT_CONVERSION = YES;
				CLANG_WARN_DEPRECATED_OBJC_IMPLEMENTATIONS = YES;
				CLANG_WARN_DIRECT_OBJC_ISA_USAGE = YES_ERROR;
				CLANG_WARN_DOCUMENTATION_COMMENTS = YES;
				CLANG_WARN_EMPTY_BODY = YES;
				CLANG_WARN_ENUM_CONVERSION = YES;
				CLANG_WARN_INFINITE_RECURSION = YES;
				CLANG_WARN_INT_CONVERSION = YES;
				CLANG_WARN_NON_LITERAL_NULL_CONVERSION = YES;
				CLANG_WARN_OBJC_IMPLICIT_RETAIN_SELF = YES;
				CLANG_WARN_OBJC_LITERAL_CONVERSION = YES;
				CLANG_WARN_OBJC_ROOT_CLASS = YES_ERROR;
				CLANG_WARN_QUOTED_INCLUDE_IN_FRAMEWORK_HEADER = YES;
				CLANG_WARN_RANGE_LOOP_ANALYSIS = YES;
				CLANG_WARN_STRICT_PROTOTYPES = YES;
				CLANG_WARN_SUSPICIOUS_MOVE = YES;
				CLANG_WARN_UNGUARDED_AVAILABILITY = YES_AGGRESSIVE;
				CLANG_WARN_UNREACHABLE_CODE = YES;
				CLANG_WARN__DUPLICATE_METHOD_MATCH = YES;
				COPY_PHASE_STRIP = NO;
				DEBUG_INFORMATION_FORMAT = dwarf;
				ENABLE_STRICT_OBJC_MSGSEND = YES;
				ENABLE_TESTABILITY = YES;
				ENABLE_USER_SCRIPT_SANDBOXING = YES;
				GCC_C_LANGUAGE_STANDARD = gnu17;
				GCC_DYNAMIC_NO_PIC = NO;
				GCC_NO_COMMON_BLOCKS = YES;
				GCC_OPTIMIZATION_LEVEL = 0;
				GCC_PREPROCESSOR_DEFINITIONS = (
					"DEBUG=1",
					"$(inherited)",
				);
				GCC_WARN_64_TO_32_BIT_CONVERSION = YES;
				GCC_WARN_ABOUT_RETURN_TYPE = YES_ERROR;
				GCC_WARN_UNDECLARED_SELECTOR = YES;
				GCC_WARN_UNINITIALIZED_AUTOS = YES_AGGRESSIVE;
				GCC_WARN_UNUSED_FUNCTION = YES;
				GCC_WARN_UNUSED_VARIABLE = YES;
				IPHONEOS_DEPLOYMENT_TARGET = 17.5;
				LOCALIZATION_PREFERS_STRING_CATALOGS = YES;
				MTL_ENABLE_DEBUG_INFO = INCLUDE_SOURCE;
				MTL_FAST_MATH = YES;
				ONLY_ACTIVE_ARCH = YES;
				SDKROOT = iphoneos;
				SWIFT_ACTIVE_COMPILATION_CONDITIONS = "DEBUG $(inherited)";
				SWIFT_OPTIMIZATION_LEVEL = "-Onone";
			};
			name = Debug;
		};
		15F6BAD92C12085E00DE17EA /* Release */ = {
			isa = XCBuildConfiguration;
			buildSettings = {
				ALWAYS_SEARCH_USER_PATHS = NO;
				ASSETCATALOG_COMPILER_GENERATE_SWIFT_ASSET_SYMBOL_EXTENSIONS = YES;
				CLANG_ANALYZER_NONNULL = YES;
				CLANG_ANALYZER_NUMBER_OBJECT_CONVERSION = YES_AGGRESSIVE;
				CLANG_CXX_LANGUAGE_STANDARD = "gnu++20";
				CLANG_ENABLE_MODULES = YES;
				CLANG_ENABLE_OBJC_ARC = YES;
				CLANG_ENABLE_OBJC_WEAK = YES;
				CLANG_WARN_BLOCK_CAPTURE_AUTORELEASING = YES;
				CLANG_WARN_BOOL_CONVERSION = YES;
				CLANG_WARN_COMMA = YES;
				CLANG_WARN_CONSTANT_CONVERSION = YES;
				CLANG_WARN_DEPRECATED_OBJC_IMPLEMENTATIONS = YES;
				CLANG_WARN_DIRECT_OBJC_ISA_USAGE = YES_ERROR;
				CLANG_WARN_DOCUMENTATION_COMMENTS = YES;
				CLANG_WARN_EMPTY_BODY = YES;
				CLANG_WARN_ENUM_CONVERSION = YES;
				CLANG_WARN_INFINITE_RECURSION = YES;
				CLANG_WARN_INT_CONVERSION = YES;
				CLANG_WARN_NON_LITERAL_NULL_CONVERSION = YES;
				CLANG_WARN_OBJC_IMPLICIT_RETAIN_SELF = YES;
				CLANG_WARN_OBJC_LITERAL_CONVERSION = YES;
				CLANG_WARN_OBJC_ROOT_CLASS = YES_ERROR;
				CLANG_WARN_QUOTED_INCLUDE_IN_FRAMEWORK_HEADER = YES;
				CLANG_WARN_RANGE_LOOP_ANALYSIS = YES;
				CLANG_WARN_STRICT_PROTOTYPES = YES;
				CLANG_WARN_SUSPICIOUS_MOVE = YES;
				CLANG_WARN_UNGUARDED_AVAILABILITY = YES_AGGRESSIVE;
				CLANG_WARN_UNREACHABLE_CODE = YES;
				CLANG_WARN__DUPLICATE_METHOD_MATCH = YES;
				COPY_PHASE_STRIP = NO;
				DEBUG_INFORMATION_FORMAT = "dwarf-with-dsym";
				ENABLE_NS_ASSERTIONS = NO;
				ENABLE_STRICT_OBJC_MSGSEND = YES;
				ENABLE_USER_SCRIPT_SANDBOXING = YES;
				GCC_C_LANGUAGE_STANDARD = gnu17;
				GCC_NO_COMMON_BLOCKS = YES;
				GCC_WARN_64_TO_32_BIT_CONVERSION = YES;
				GCC_WARN_ABOUT_RETURN_TYPE = YES_ERROR;
				GCC_WARN_UNDECLARED_SELECTOR = YES;
				GCC_WARN_UNINITIALIZED_AUTOS = YES_AGGRESSIVE;
				GCC_WARN_UNUSED_FUNCTION = YES;
				GCC_WARN_UNUSED_VARIABLE = YES;
				IPHONEOS_DEPLOYMENT_TARGET = 17.5;
				LOCALIZATION_PREFERS_STRING_CATALOGS = YES;
				MTL_ENABLE_DEBUG_INFO = NO;
				MTL_FAST_MATH = YES;
				SDKROOT = iphoneos;
				SWIFT_COMPILATION_MODE = wholemodule;
				VALIDATE_PRODUCT = YES;
			};
			name = Release;
		};
		15F6BADB2C12085E00DE17EA /* Debug */ = {
			isa = XCBuildConfiguration;
			buildSettings = {
				ASSETCATALOG_COMPILER_APPICON_NAME = AppIcon;
				ASSETCATALOG_COMPILER_GLOBAL_ACCENT_COLOR_NAME = AccentColor;
				CODE_SIGN_STYLE = Automatic;
				CURRENT_PROJECT_VERSION = 1;
				DEVELOPMENT_TEAM = 6PD6X5F55R;
				GENERATE_INFOPLIST_FILE = YES;
				INFOPLIST_FILE = "Demo-03-RickAndMorty/Info.plist";
				INFOPLIST_KEY_UIApplicationSupportsIndirectInputEvents = YES;
				INFOPLIST_KEY_UILaunchStoryboardName = LaunchScreen;
				INFOPLIST_KEY_UISupportedInterfaceOrientations_iPad = "UIInterfaceOrientationPortrait UIInterfaceOrientationPortraitUpsideDown UIInterfaceOrientationLandscapeLeft UIInterfaceOrientationLandscapeRight";
				INFOPLIST_KEY_UISupportedInterfaceOrientations_iPhone = "UIInterfaceOrientationPortrait UIInterfaceOrientationLandscapeLeft UIInterfaceOrientationLandscapeRight";
				LD_RUNPATH_SEARCH_PATHS = (
					"$(inherited)",
					"@executable_path/Frameworks",
				);
				MARKETING_VERSION = 1.0;
				PRODUCT_BUNDLE_IDENTIFIER = "MyOrg.Demo-03-RickAndMorty";
				PRODUCT_NAME = "$(TARGET_NAME)";
				SWIFT_EMIT_LOC_STRINGS = YES;
				SWIFT_VERSION = 5.0;
				TARGETED_DEVICE_FAMILY = "1,2";
			};
			name = Debug;
		};
		15F6BADC2C12085E00DE17EA /* Release */ = {
			isa = XCBuildConfiguration;
			buildSettings = {
				ASSETCATALOG_COMPILER_APPICON_NAME = AppIcon;
				ASSETCATALOG_COMPILER_GLOBAL_ACCENT_COLOR_NAME = AccentColor;
				CODE_SIGN_STYLE = Automatic;
				CURRENT_PROJECT_VERSION = 1;
				DEVELOPMENT_TEAM = 6PD6X5F55R;
				GENERATE_INFOPLIST_FILE = YES;
				INFOPLIST_FILE = "Demo-03-RickAndMorty/Info.plist";
				INFOPLIST_KEY_UIApplicationSupportsIndirectInputEvents = YES;
				INFOPLIST_KEY_UILaunchStoryboardName = LaunchScreen;
				INFOPLIST_KEY_UISupportedInterfaceOrientations_iPad = "UIInterfaceOrientationPortrait UIInterfaceOrientationPortraitUpsideDown UIInterfaceOrientationLandscapeLeft UIInterfaceOrientationLandscapeRight";
				INFOPLIST_KEY_UISupportedInterfaceOrientations_iPhone = "UIInterfaceOrientationPortrait UIInterfaceOrientationLandscapeLeft UIInterfaceOrientationLandscapeRight";
				LD_RUNPATH_SEARCH_PATHS = (
					"$(inherited)",
					"@executable_path/Frameworks",
				);
				MARKETING_VERSION = 1.0;
				PRODUCT_BUNDLE_IDENTIFIER = "MyOrg.Demo-03-RickAndMorty";
				PRODUCT_NAME = "$(TARGET_NAME)";
				SWIFT_EMIT_LOC_STRINGS = YES;
				SWIFT_VERSION = 5.0;
				TARGETED_DEVICE_FAMILY = "1,2";
			};
			name = Release;
		};
/* End XCBuildConfiguration section */

/* Begin XCConfigurationList section */
		15F6BAC12C12085D00DE17EA /* Build configuration list for PBXProject "Demo-03-RickAndMorty" */ = {
			isa = XCConfigurationList;
			buildConfigurations = (
				15F6BAD82C12085E00DE17EA /* Debug */,
				15F6BAD92C12085E00DE17EA /* Release */,
			);
			defaultConfigurationIsVisible = 0;
			defaultConfigurationName = Release;
		};
		15F6BADA2C12085E00DE17EA /* Build configuration list for PBXNativeTarget "Demo-03-RickAndMorty" */ = {
			isa = XCConfigurationList;
			buildConfigurations = (
				15F6BADB2C12085E00DE17EA /* Debug */,
				15F6BADC2C12085E00DE17EA /* Release */,
			);
			defaultConfigurationIsVisible = 0;
			defaultConfigurationName = Release;
		};
/* End XCConfigurationList section */
	};
	rootObject = 15F6BABE2C12085D00DE17EA /* Project object */;
}
