// !$*UTF8*$!
{
	archiveVersion = 1;
	classes = {
	};
	objectVersion = 56;
	objects = {

/* Begin PBXBuildFile section */
		151DF0D82C1BE7D200E38138 /* Demo_05_ToDoListApp.swift in Sources */ = {isa = PBXBuildFile; fileRef = 151DF0D72C1BE7D200E38138 /* Demo_05_ToDoListApp.swift */; };
		151DF0DC2C1BE7D300E38138 /* Assets.xcassets in Resources */ = {isa = PBXBuildFile; fileRef = 151DF0DB2C1BE7D300E38138 /* Assets.xcassets */; };
		151DF0DF2C1BE7D300E38138 /* Preview Assets.xcassets in Resources */ = {isa = PBXBuildFile; fileRef = 151DF0DE2C1BE7D300E38138 /* Preview Assets.xcassets */; };
		151DF0E92C1BEAD200E38138 /* ListView.swift in Sources */ = {isa = PBXBuildFile; fileRef = 151DF0E82C1BEAD200E38138 /* ListView.swift */; };
		151DF0EE2C1BECD600E38138 /* ListRowView.swift in Sources */ = {isa = PBXBuildFile; fileRef = 151DF0ED2C1BECD600E38138 /* ListRowView.swift */; };
		151DF0F02C1BEE7000E38138 /* AddViiew.swift in Sources */ = {isa = PBXBuildFile; fileRef = 151DF0EF2C1BEE7000E38138 /* AddViiew.swift */; };
		154152412C1E68C8001A0BC4 /* NoItemsView.swift in Sources */ = {isa = PBXBuildFile; fileRef = 154152402C1E68C8001A0BC4 /* NoItemsView.swift */; };
		154EDE492C1D207C00B00C5F /* ListViewModel.swift in Sources */ = {isa = PBXBuildFile; fileRef = 154EDE482C1D207C00B00C5F /* ListViewModel.swift */; };
		155A479E2C1D162000340161 /* ItemModel.swift in Sources */ = {isa = PBXBuildFile; fileRef = 155A479D2C1D162000340161 /* ItemModel.swift */; };
/* End PBXBuildFile section */

/* Begin PBXFileReference section */
		151DF0D42C1BE7D200E38138 /* Demo-05-ToDoList.app */ = {isa = PBXFileReference; explicitFileType = wrapper.application; includeInIndex = 0; path = "Demo-05-ToDoList.app"; sourceTree = BUILT_PRODUCTS_DIR; };
		151DF0D72C1BE7D200E38138 /* Demo_05_ToDoListApp.swift */ = {isa = PBXFileReference; lastKnownFileType = sourcecode.swift; path = Demo_05_ToDoListApp.swift; sourceTree = "<group>"; };
		151DF0DB2C1BE7D300E38138 /* Assets.xcassets */ = {isa = PBXFileReference; lastKnownFileType = folder.assetcatalog; path = Assets.xcassets; sourceTree = "<group>"; };
		151DF0DE2C1BE7D300E38138 /* Preview Assets.xcassets */ = {isa = PBXFileReference; lastKnownFileType = folder.assetcatalog; path = "Preview Assets.xcassets"; sourceTree = "<group>"; };
		151DF0E82C1BEAD200E38138 /* ListView.swift */ = {isa = PBXFileReference; lastKnownFileType = sourcecode.swift; path = ListView.swift; sourceTree = "<group>"; };
		151DF0ED2C1BECD600E38138 /* ListRowView.swift */ = {isa = PBXFileReference; lastKnownFileType = sourcecode.swift; path = ListRowView.swift; sourceTree = "<group>"; };
		151DF0EF2C1BEE7000E38138 /* AddViiew.swift */ = {isa = PBXFileReference; lastKnownFileType = sourcecode.swift; path = AddViiew.swift; sourceTree = "<group>"; };
		154152402C1E68C8001A0BC4 /* NoItemsView.swift */ = {isa = PBXFileReference; lastKnownFileType = sourcecode.swift; path = NoItemsView.swift; sourceTree = "<group>"; };
		154EDE482C1D207C00B00C5F /* ListViewModel.swift */ = {isa = PBXFileReference; lastKnownFileType = sourcecode.swift; path = ListViewModel.swift; sourceTree = "<group>"; };
		155A479D2C1D162000340161 /* ItemModel.swift */ = {isa = PBXFileReference; lastKnownFileType = sourcecode.swift; path = ItemModel.swift; sourceTree = "<group>"; };
/* End PBXFileReference section */

/* Begin PBXFrameworksBuildPhase section */
		151DF0D12C1BE7D200E38138 /* Frameworks */ = {
			isa = PBXFrameworksBuildPhase;
			buildActionMask = 2147483647;
			files = (
			);
			runOnlyForDeploymentPostprocessing = 0;
		};
/* End PBXFrameworksBuildPhase section */

/* Begin PBXGroup section */
		151DF0CB2C1BE7D200E38138 = {
			isa = PBXGroup;
			children = (
				151DF0D62C1BE7D200E38138 /* Demo-05-ToDoList */,
				151DF0D52C1BE7D200E38138 /* Products */,
			);
			sourceTree = "<group>";
		};
		151DF0D52C1BE7D200E38138 /* Products */ = {
			isa = PBXGroup;
			children = (
				151DF0D42C1BE7D200E38138 /* Demo-05-ToDoList.app */,
			);
			name = Products;
			sourceTree = "<group>";
		};
		151DF0D62C1BE7D200E38138 /* Demo-05-ToDoList */ = {
			isa = PBXGroup;
			children = (
				155A479C2C1D160700340161 /* Models */,
				154EDE472C1D205B00B00C5F /* ViewModels */,
				151DF0E52C1BEA9D00E38138 /* Views */,
				151DF0EA2C1BEC2C00E38138 /* Components */,
				151DF0D72C1BE7D200E38138 /* Demo_05_ToDoListApp.swift */,
				151DF0DB2C1BE7D300E38138 /* Assets.xcassets */,
				151DF0DD2C1BE7D300E38138 /* Preview Content */,
			);
			path = "Demo-05-ToDoList";
			sourceTree = "<group>";
		};
		151DF0DD2C1BE7D300E38138 /* Preview Content */ = {
			isa = PBXGroup;
			children = (
				151DF0DE2C1BE7D300E38138 /* Preview Assets.xcassets */,
			);
			path = "Preview Content";
			sourceTree = "<group>";
		};
		151DF0E52C1BEA9D00E38138 /* Views */ = {
			isa = PBXGroup;
			children = (
				151DF0E82C1BEAD200E38138 /* ListView.swift */,
				151DF0EF2C1BEE7000E38138 /* AddViiew.swift */,
				154152402C1E68C8001A0BC4 /* NoItemsView.swift */,
			);
			path = Views;
			sourceTree = "<group>";
		};
		151DF0EA2C1BEC2C00E38138 /* Components */ = {
			isa = PBXGroup;
			children = (
				151DF0ED2C1BECD600E38138 /* ListRowView.swift */,
			);
			path = Components;
			sourceTree = "<group>";
		};
		154EDE472C1D205B00B00C5F /* ViewModels */ = {
			isa = PBXGroup;
			children = (
				154EDE482C1D207C00B00C5F /* ListViewModel.swift */,
			);
			path = ViewModels;
			sourceTree = "<group>";
		};
		155A479C2C1D160700340161 /* Models */ = {
			isa = PBXGroup;
			children = (
				155A479D2C1D162000340161 /* ItemModel.swift */,
			);
			path = Models;
			sourceTree = "<group>";
		};
/* End PBXGroup section */

/* Begin PBXNativeTarget section */
		151DF0D32C1BE7D200E38138 /* Demo-05-ToDoList */ = {
			isa = PBXNativeTarget;
			buildConfigurationList = 151DF0E22C1BE7D300E38138 /* Build configuration list for PBXNativeTarget "Demo-05-ToDoList" */;
			buildPhases = (
				151DF0D02C1BE7D200E38138 /* Sources */,
				151DF0D12C1BE7D200E38138 /* Frameworks */,
				151DF0D22C1BE7D200E38138 /* Resources */,
			);
			buildRules = (
			);
			dependencies = (
			);
			name = "Demo-05-ToDoList";
			productName = "Demo-05-ToDoList";
			productReference = 151DF0D42C1BE7D200E38138 /* Demo-05-ToDoList.app */;
			productType = "com.apple.product-type.application";
		};
/* End PBXNativeTarget section */

/* Begin PBXProject section */
		151DF0CC2C1BE7D200E38138 /* Project object */ = {
			isa = PBXProject;
			attributes = {
				BuildIndependentTargetsInParallel = 1;
				LastSwiftUpdateCheck = 1540;
				LastUpgradeCheck = 1540;
				TargetAttributes = {
					151DF0D32C1BE7D200E38138 = {
						CreatedOnToolsVersion = 15.4;
					};
				};
			};
			buildConfigurationList = 151DF0CF2C1BE7D200E38138 /* Build configuration list for PBXProject "Demo-05-ToDoList" */;
			compatibilityVersion = "Xcode 14.0";
			developmentRegion = en;
			hasScannedForEncodings = 0;
			knownRegions = (
				en,
				Base,
			);
			mainGroup = 151DF0CB2C1BE7D200E38138;
			productRefGroup = 151DF0D52C1BE7D200E38138 /* Products */;
			projectDirPath = "";
			projectRoot = "";
			targets = (
				151DF0D32C1BE7D200E38138 /* Demo-05-ToDoList */,
			);
		};
/* End PBXProject section */

/* Begin PBXResourcesBuildPhase section */
		151DF0D22C1BE7D200E38138 /* Resources */ = {
			isa = PBXResourcesBuildPhase;
			buildActionMask = 2147483647;
			files = (
				151DF0DF2C1BE7D300E38138 /* Preview Assets.xcassets in Resources */,
				151DF0DC2C1BE7D300E38138 /* Assets.xcassets in Resources */,
			);
			runOnlyForDeploymentPostprocessing = 0;
		};
/* End PBXResourcesBuildPhase section */

/* Begin PBXSourcesBuildPhase section */
		151DF0D02C1BE7D200E38138 /* Sources */ = {
			isa = PBXSourcesBuildPhase;
			buildActionMask = 2147483647;
			files = (
				155A479E2C1D162000340161 /* ItemModel.swift in Sources */,
				151DF0D82C1BE7D200E38138 /* Demo_05_ToDoListApp.swift in Sources */,
				154EDE492C1D207C00B00C5F /* ListViewModel.swift in Sources */,
				151DF0E92C1BEAD200E38138 /* ListView.swift in Sources */,
				151DF0F02C1BEE7000E38138 /* AddViiew.swift in Sources */,
				154152412C1E68C8001A0BC4 /* NoItemsView.swift in Sources */,
				151DF0EE2C1BECD600E38138 /* ListRowView.swift in Sources */,
			);
			runOnlyForDeploymentPostprocessing = 0;
		};
/* End PBXSourcesBuildPhase section */

/* Begin XCBuildConfiguration section */
		151DF0E02C1BE7D300E38138 /* Debug */ = {
			isa = XCBuildConfiguration;
			buildSettings = {
				ALWAYS_SEARCH_USER_PATHS = NO;
				ASSETCATALOG_COMPILER_GENERATE_SWIFT_ASSET_SYMBOL_EXTENSIONS = YES;
				CLANG_ANALYZER_NONNULL = YES;
				CLANG_ANALYZER_NUMBER_OBJECT_CONVERSION = YES_AGGRESSIVE;
				CLANG_CXX_LANGUAGE_STANDARD = "gnu++20";
				CLANG_ENABLE_MODULES = YES;
				CLANG_ENABLE_OBJC_ARC = YES;
				CLANG_ENABLE_OBJC_WEAK = YES;
				CLANG_WARN_BLOCK_CAPTURE_AUTORELEASING = YES;
				CLANG_WARN_BOOL_CONVERSION = YES;
				CLANG_WARN_COMMA = YES;
				CLANG_WARN_CONSTANT_CONVERSION = YES;
				CLANG_WARN_DEPRECATED_OBJC_IMPLEMENTATIONS = YES;
				CLANG_WARN_DIRECT_OBJC_ISA_USAGE = YES_ERROR;
				CLANG_WARN_DOCUMENTATION_COMMENTS = YES;
				CLANG_WARN_EMPTY_BODY = YES;
				CLANG_WARN_ENUM_CONVERSION = YES;
				CLANG_WARN_INFINITE_RECURSION = YES;
				CLANG_WARN_INT_CONVERSION = YES;
				CLANG_WARN_NON_LITERAL_NULL_CONVERSION = YES;
				CLANG_WARN_OBJC_IMPLICIT_RETAIN_SELF = YES;
				CLANG_WARN_OBJC_LITERAL_CONVERSION = YES;
				CLANG_WARN_OBJC_ROOT_CLASS = YES_ERROR;
				CLANG_WARN_QUOTED_INCLUDE_IN_FRAMEWORK_HEADER = YES;
				CLANG_WARN_RANGE_LOOP_ANALYSIS = YES;
				CLANG_WARN_STRICT_PROTOTYPES = YES;
				CLANG_WARN_SUSPICIOUS_MOVE = YES;
				CLANG_WARN_UNGUARDED_AVAILABILITY = YES_AGGRESSIVE;
				CLANG_WARN_UNREACHABLE_CODE = YES;
				CLANG_WARN__DUPLICATE_METHOD_MATCH = YES;
				COPY_PHASE_STRIP = NO;
				DEBUG_INFORMATION_FORMAT = dwarf;
				ENABLE_STRICT_OBJC_MSGSEND = YES;
				ENABLE_TESTABILITY = YES;
				ENABLE_USER_SCRIPT_SANDBOXING = YES;
				GCC_C_LANGUAGE_STANDARD = gnu17;
				GCC_DYNAMIC_NO_PIC = NO;
				GCC_NO_COMMON_BLOCKS = YES;
				GCC_OPTIMIZATION_LEVEL = 0;
				GCC_PREPROCESSOR_DEFINITIONS = (
					"DEBUG=1",
					"$(inherited)",
				);
				GCC_WARN_64_TO_32_BIT_CONVERSION = YES;
				GCC_WARN_ABOUT_RETURN_TYPE = YES_ERROR;
				GCC_WARN_UNDECLARED_SELECTOR = YES;
				GCC_WARN_UNINITIALIZED_AUTOS = YES_AGGRESSIVE;
				GCC_WARN_UNUSED_FUNCTION = YES;
				GCC_WARN_UNUSED_VARIABLE = YES;
				IPHONEOS_DEPLOYMENT_TARGET = 17.5;
				LOCALIZATION_PREFERS_STRING_CATALOGS = YES;
				MTL_ENABLE_DEBUG_INFO = INCLUDE_SOURCE;
				MTL_FAST_MATH = YES;
				ONLY_ACTIVE_ARCH = YES;
				SDKROOT = iphoneos;
				SWIFT_ACTIVE_COMPILATION_CONDITIONS = "DEBUG $(inherited)";
				SWIFT_OPTIMIZATION_LEVEL = "-Onone";
			};
			name = Debug;
		};
		151DF0E12C1BE7D300E38138 /* Release */ = {
			isa = XCBuildConfiguration;
			buildSettings = {
				ALWAYS_SEARCH_USER_PATHS = NO;
				ASSETCATALOG_COMPILER_GENERATE_SWIFT_ASSET_SYMBOL_EXTENSIONS = YES;
				CLANG_ANALYZER_NONNULL = YES;
				CLANG_ANALYZER_NUMBER_OBJECT_CONVERSION = YES_AGGRESSIVE;
				CLANG_CXX_LANGUAGE_STANDARD = "gnu++20";
				CLANG_ENABLE_MODULES = YES;
				CLANG_ENABLE_OBJC_ARC = YES;
				CLANG_ENABLE_OBJC_WEAK = YES;
				CLANG_WARN_BLOCK_CAPTURE_AUTORELEASING = YES;
				CLANG_WARN_BOOL_CONVERSION = YES;
				CLANG_WARN_COMMA = YES;
				CLANG_WARN_CONSTANT_CONVERSION = YES;
				CLANG_WARN_DEPRECATED_OBJC_IMPLEMENTATIONS = YES;
				CLANG_WARN_DIRECT_OBJC_ISA_USAGE = YES_ERROR;
				CLANG_WARN_DOCUMENTATION_COMMENTS = YES;
				CLANG_WARN_EMPTY_BODY = YES;
				CLANG_WARN_ENUM_CONVERSION = YES;
				CLANG_WARN_INFINITE_RECURSION = YES;
				CLANG_WARN_INT_CONVERSION = YES;
				CLANG_WARN_NON_LITERAL_NULL_CONVERSION = YES;
				CLANG_WARN_OBJC_IMPLICIT_RETAIN_SELF = YES;
				CLANG_WARN_OBJC_LITERAL_CONVERSION = YES;
				CLANG_WARN_OBJC_ROOT_CLASS = YES_ERROR;
				CLANG_WARN_QUOTED_INCLUDE_IN_FRAMEWORK_HEADER = YES;
				CLANG_WARN_RANGE_LOOP_ANALYSIS = YES;
				CLANG_WARN_STRICT_PROTOTYPES = YES;
				CLANG_WARN_SUSPICIOUS_MOVE = YES;
				CLANG_WARN_UNGUARDED_AVAILABILITY = YES_AGGRESSIVE;
				CLANG_WARN_UNREACHABLE_CODE = YES;
				CLANG_WARN__DUPLICATE_METHOD_MATCH = YES;
				COPY_PHASE_STRIP = NO;
				DEBUG_INFORMATION_FORMAT = "dwarf-with-dsym";
				ENABLE_NS_ASSERTIONS = NO;
				ENABLE_STRICT_OBJC_MSGSEND = YES;
				ENABLE_USER_SCRIPT_SANDBOXING = YES;
				GCC_C_LANGUAGE_STANDARD = gnu17;
				GCC_NO_COMMON_BLOCKS = YES;
				GCC_WARN_64_TO_32_BIT_CONVERSION = YES;
				GCC_WARN_ABOUT_RETURN_TYPE = YES_ERROR;
				GCC_WARN_UNDECLARED_SELECTOR = YES;
				GCC_WARN_UNINITIALIZED_AUTOS = YES_AGGRESSIVE;
				GCC_WARN_UNUSED_FUNCTION = YES;
				GCC_WARN_UNUSED_VARIABLE = YES;
				IPHONEOS_DEPLOYMENT_TARGET = 17.5;
				LOCALIZATION_PREFERS_STRING_CATALOGS = YES;
				MTL_ENABLE_DEBUG_INFO = NO;
				MTL_FAST_MATH = YES;
				SDKROOT = iphoneos;
				SWIFT_COMPILATION_MODE = wholemodule;
				VALIDATE_PRODUCT = YES;
			};
			name = Release;
		};
		151DF0E32C1BE7D300E38138 /* Debug */ = {
			isa = XCBuildConfiguration;
			buildSettings = {
				ASSETCATALOG_COMPILER_APPICON_NAME = AppIcon;
				ASSETCATALOG_COMPILER_GLOBAL_ACCENT_COLOR_NAME = AccentColor;
				CODE_SIGN_STYLE = Automatic;
				CURRENT_PROJECT_VERSION = 1;
				DEVELOPMENT_ASSET_PATHS = "\"Demo-05-ToDoList/Preview Content\"";
				DEVELOPMENT_TEAM = 6PD6X5F55R;
				ENABLE_PREVIEWS = YES;
				GENERATE_INFOPLIST_FILE = YES;
				INFOPLIST_KEY_UIApplicationSceneManifest_Generation = YES;
				INFOPLIST_KEY_UIApplicationSupportsIndirectInputEvents = YES;
				INFOPLIST_KEY_UILaunchScreen_Generation = YES;
				INFOPLIST_KEY_UISupportedInterfaceOrientations_iPad = "UIInterfaceOrientationPortrait UIInterfaceOrientationPortraitUpsideDown UIInterfaceOrientationLandscapeLeft UIInterfaceOrientationLandscapeRight";
				INFOPLIST_KEY_UISupportedInterfaceOrientations_iPhone = "UIInterfaceOrientationPortrait UIInterfaceOrientationLandscapeLeft UIInterfaceOrientationLandscapeRight";
				LD_RUNPATH_SEARCH_PATHS = (
					"$(inherited)",
					"@executable_path/Frameworks",
				);
				MARKETING_VERSION = 1.0;
				PRODUCT_BUNDLE_IDENTIFIER = "com.MyOrg.Demo-05-ToDoList";
				PRODUCT_NAME = "$(TARGET_NAME)";
				SWIFT_EMIT_LOC_STRINGS = YES;
				SWIFT_VERSION = 5.0;
				TARGETED_DEVICE_FAMILY = "1,2";
			};
			name = Debug;
		};
		151DF0E42C1BE7D300E38138 /* Release */ = {
			isa = XCBuildConfiguration;
			buildSettings = {
				ASSETCATALOG_COMPILER_APPICON_NAME = AppIcon;
				ASSETCATALOG_COMPILER_GLOBAL_ACCENT_COLOR_NAME = AccentColor;
				CODE_SIGN_STYLE = Automatic;
				CURRENT_PROJECT_VERSION = 1;
				DEVELOPMENT_ASSET_PATHS = "\"Demo-05-ToDoList/Preview Content\"";
				DEVELOPMENT_TEAM = 6PD6X5F55R;
				ENABLE_PREVIEWS = YES;
				GENERATE_INFOPLIST_FILE = YES;
				INFOPLIST_KEY_UIApplicationSceneManifest_Generation = YES;
				INFOPLIST_KEY_UIApplicationSupportsIndirectInputEvents = YES;
				INFOPLIST_KEY_UILaunchScreen_Generation = YES;
				INFOPLIST_KEY_UISupportedInterfaceOrientations_iPad = "UIInterfaceOrientationPortrait UIInterfaceOrientationPortraitUpsideDown UIInterfaceOrientationLandscapeLeft UIInterfaceOrientationLandscapeRight";
				INFOPLIST_KEY_UISupportedInterfaceOrientations_iPhone = "UIInterfaceOrientationPortrait UIInterfaceOrientationLandscapeLeft UIInterfaceOrientationLandscapeRight";
				LD_RUNPATH_SEARCH_PATHS = (
					"$(inherited)",
					"@executable_path/Frameworks",
				);
				MARKETING_VERSION = 1.0;
				PRODUCT_BUNDLE_IDENTIFIER = "com.MyOrg.Demo-05-ToDoList";
				PRODUCT_NAME = "$(TARGET_NAME)";
				SWIFT_EMIT_LOC_STRINGS = YES;
				SWIFT_VERSION = 5.0;
				TARGETED_DEVICE_FAMILY = "1,2";
			};
			name = Release;
		};
/* End XCBuildConfiguration section */

/* Begin XCConfigurationList section */
		151DF0CF2C1BE7D200E38138 /* Build configuration list for PBXProject "Demo-05-ToDoList" */ = {
			isa = XCConfigurationList;
			buildConfigurations = (
				151DF0E02C1BE7D300E38138 /* Debug */,
				151DF0E12C1BE7D300E38138 /* Release */,
			);
			defaultConfigurationIsVisible = 0;
			defaultConfigurationName = Release;
		};
		151DF0E22C1BE7D300E38138 /* Build configuration list for PBXNativeTarget "Demo-05-ToDoList" */ = {
			isa = XCConfigurationList;
			buildConfigurations = (
				151DF0E32C1BE7D300E38138 /* Debug */,
				151DF0E42C1BE7D300E38138 /* Release */,
			);
			defaultConfigurationIsVisible = 0;
			defaultConfigurationName = Release;
		};
/* End XCConfigurationList section */
	};
	rootObject = 151DF0CC2C1BE7D200E38138 /* Project object */;
}
